version = 1
revision = 1
requires-python = ">=3.13"

[[package]]
name = "proton-driver"
version = "0.2.13"
source = { registry = "https://pypi.org/simple" }
dependencies = [
    { name = "pytz" },
    { name = "tzlocal" },
]
wheels = [
    { url = "https://files.pythonhosted.org/packages/98/46/4b717027ab5be3d5aee21563ba7024c1463acc87d4fddf18503b4287042f/proton_driver-0.2.13-cp313-cp313-macosx_10_13_x86_64.whl", hash = "sha256:6305df69f49ce6faff5d72c6800736929bed322cc64f3dbb9a387e1ff1211377", size = 211790 },
    { url = "https://files.pythonhosted.org/packages/56/f5/dd9b108068f7e7a707eb1205e2a2c4f15c5c1248ad5b8098a464e4e7af71/proton_driver-0.2.13-cp313-cp313-macosx_11_0_arm64.whl", hash = "sha256:c34b111bd948a51606bd637f2db09c4c9e932ecb4110756d833b5657bbca6a9f", size = 208471 },
    { url = "https://files.pythonhosted.org/packages/0f/c5/cb8c07a73206533ec56cdf7bea7d96fd8e906520c948a68b16115ff241ee/proton_driver-0.2.13-cp313-cp313-manylinux_2_17_aarch64.manylinux2014_aarch64.whl", hash = "sha256:df4cda3792cebee871ef94e49e2825e3b6ae00caeeb386a8c8965437863a9c5c", size = 971534 },
    { url = "https://files.pythonhosted.org/packages/ff/30/c36cd4bbc3fc8551c770bd4c5dafcb76fd0a4b123163b2c8adf9287c02d4/proton_driver-0.2.13-cp313-cp313-manylinux_2_17_x86_64.manylinux2014_x86_64.whl", hash = "sha256:6cf8a94d32f853c9cf8784ea7ac8ad48f002a75a579afdb514984a9b86ba909a", size = 985733 },
    { url = "https://files.pythonhosted.org/packages/e1/38/6e5f316d085b4af7f80cd6c33a585d8aca618501458c719121ec93ae1e67/proton_driver-0.2.13-cp313-cp313-musllinux_1_1_aarch64.whl", hash = "sha256:8fd608423bafd2cb1531ad932d681e4d6a26f50592c4b7aa3cc406d67e366cc9", size = 977281 },
    { url = "https://files.pythonhosted.org/packages/79/29/b1934bab50d585bec94130196f88afaa9bdc9552eceb269432280d907d82/proton_driver-0.2.13-cp313-cp313-musllinux_1_1_x86_64.whl", hash = "sha256:ae36454760dc12ce3dedba4ff271646f2d62f6ffbaaf3fc10037d1b9b4acb828", size = 992960 },
    { url = "https://files.pythonhosted.org/packages/a2/40/2aac07685c92482658ae635c8dbc4a6cba0f323adce1ea84e2db3a81c3d3/proton_driver-0.2.13-cp313-cp313-win_amd64.whl", hash = "sha256:10c507e03da42ef874ccdf43282f93c0c1f17f8ddd433efd606812be1e76db38", size = 203302 },
]

[[package]]
name = "pytz"
version = "2025.2"
source = { registry = "https://pypi.org/simple" }
sdist = { url = "https://files.pythonhosted.org/packages/f8/bf/abbd3cdfb8fbc7fb3d4d38d320f2441b1e7cbe29be4f23797b4a2b5d8aac/pytz-2025.2.tar.gz", hash = "sha256:360b9e3dbb49a209c21ad61809c7fb453643e048b38924c765813546746e81c3", size = 320884 }
wheels = [
    { url = "https://files.pythonhosted.org/packages/81/c4/34e93fe5f5429d7570ec1fa436f1986fb1f00c3e0f43a589fe2bbcd22c3f/pytz-2025.2-py2.py3-none-any.whl", hash = "sha256:5ddf76296dd8c44c26eb8f4b6f35488f3ccbf6fbbd7adee0b7262d43f0ec2f00", size = 509225 },
]

[[package]]
name = "timeplus-messaging"
version = "0.1.0"
source = { virtual = "." }
dependencies = [
    { name = "proton-driver" },
]

[package.metadata]
requires-dist = [{ name = "proton-driver", specifier = ">=0.2.13" }]

[[package]]
name = "tzdata"
version = "2025.2"
source = { registry = "https://pypi.org/simple" }
sdist = { url = "https://files.pythonhosted.org/packages/95/32/1a225d6164441be760d75c2c42e2780dc0873fe382da3e98a2e1e48361e5/tzdata-2025.2.tar.gz", hash = "sha256:b60a638fcc0daffadf82fe0f57e53d06bdec2f36c4df66280ae79bce6bd6f2b9", size = 196380 }
wheels = [
    { url = "https://files.pythonhosted.org/packages/5c/23/c7abc0ca0a1526a0774eca151daeb8de62ec457e77262b66b359c3c7679e/tzdata-2025.2-py2.py3-none-any.whl", hash = "sha256:1a403fada01ff9221ca8044d701868fa132215d84beb92242d9acd2147f667a8", size = 347839 },
]

[[package]]
name = "tzlocal"
version = "5.3.1"
source = { registry = "https://pypi.org/simple" }
dependencies = [
    { name = "tzdata", marker = "sys_platform == 'win32'" },
]
sdist = { url = "https://files.pythonhosted.org/packages/8b/2e/c14812d3d4d9cd1773c6be938f89e5735a1f11a9f184ac3639b93cef35d5/tzlocal-5.3.1.tar.gz", hash = "sha256:cceffc7edecefea1f595541dbd6e990cb1ea3d19bf01b2809f362a03dd7921fd", size = 30761 }
wheels = [
    { url = "https://files.pythonhosted.org/packages/c2/14/e2a54fabd4f08cd7af1c07030603c3356b74da07f7cc056e600436edfa17/tzlocal-5.3.1-py3-none-any.whl", hash = "sha256:eb1a66c3ef5847adf7a834f1be0800581b683b5608e74f86ecbcef8ab91bb85d", size = 18026 },
]
